<?xml version="1.0" encoding="utf-8"?>
<Project ToolsVersion="4.0" xmlns="http://schemas.microsoft.com/developer/msbuild/2003">
  <ItemGroup>
    <FxCompile Include="Object3d.PS.hlsl">
      <Filter>shader</Filter>
    </FxCompile>
    <FxCompile Include="Resource\shaders\Object3d.PS.hlsl">
      <Filter>shader</Filter>
    </FxCompile>
    <FxCompile Include="Object3d.VS.hlsl">
      <Filter>shader</Filter>
    </FxCompile>
    <FxCompile Include="Resource\shaders\Object3d.VS.hlsl">
      <Filter>shader</Filter>
    </FxCompile>
    <FxCompile Include="Resource\shaders\Outline.PS.hlsl">
      <Filter>shader</Filter>
    </FxCompile>
    <FxCompile Include="Resource\shaders\Outline.VS.hlsl">
      <Filter>shader</Filter>
    </FxCompile>
    <FxCompile Include="Resource\shaders\Particle.PS.hlsl">
      <Filter>shader</Filter>
    </FxCompile>
    <FxCompile Include="Resource\shaders\Particle.VS.hlsl">
      <Filter>shader</Filter>
    </FxCompile>
    <FxCompile Include="Resource\shaders\PostEffect.PS.hlsl">
      <Filter>shader</Filter>
    </FxCompile>
    <FxCompile Include="Resource\shaders\PostEffect.VS.hlsl">
      <Filter>shader</Filter>
    </FxCompile>
    <FxCompile Include="Resource\shaders\Sprite.PS.hlsl">
      <Filter>shader</Filter>
    </FxCompile>
    <FxCompile Include="Resource\shaders\Sprite.VS.hlsl">
      <Filter>shader</Filter>
    </FxCompile>
  </ItemGroup>
  <ItemGroup>
    <ClCompile Include="main.cpp" />
    <ClCompile Include="engine\math\Calc.cpp">
      <Filter>engine\math</Filter>
    </ClCompile>
    <ClCompile Include="engine\camera\Camera.cpp">
      <Filter>engine\camera</Filter>
    </ClCompile>
    <ClCompile Include="engine\camera\CameraManager.cpp">
      <Filter>engine\camera</Filter>
    </ClCompile>
    <ClCompile Include="engine\camera\DebugCamera.cpp">
      <Filter>engine\camera</Filter>
    </ClCompile>
    <ClCompile Include="engine\base\DirectXCommon.cpp">
      <Filter>engine\base</Filter>
    </ClCompile>
    <ClCompile Include="externals\imgui\imgui.cpp">
      <Filter>imgui</Filter>
    </ClCompile>
    <ClCompile Include="externals\imgui\imgui_demo.cpp">
      <Filter>imgui</Filter>
    </ClCompile>
    <ClCompile Include="externals\imgui\imgui_draw.cpp">
      <Filter>imgui</Filter>
    </ClCompile>
    <ClCompile Include="externals\imgui\imgui_impl_dx12.cpp">
      <Filter>imgui</Filter>
    </ClCompile>
    <ClCompile Include="externals\imgui\imgui_impl_win32.cpp">
      <Filter>imgui</Filter>
    </ClCompile>
    <ClCompile Include="externals\imgui\imgui_tables.cpp">
      <Filter>imgui</Filter>
    </ClCompile>
    <ClCompile Include="externals\imgui\imgui_widgets.cpp">
      <Filter>imgui</Filter>
    </ClCompile>
    <ClCompile Include="engine\base\ImGuiManager.cpp">
      <Filter>imgui</Filter>
    </ClCompile>
    <ClCompile Include="engine\io\Input.cpp">
      <Filter>engine\io</Filter>
    </ClCompile>
    <ClCompile Include="engine\base\Logger.cpp">
      <Filter>engine\base</Filter>
    </ClCompile>
    <ClCompile Include="engine\base\M_Framework.cpp">
      <Filter>engine\base</Filter>
    </ClCompile>
    <ClCompile Include="engine\3d\Model.cpp">
      <Filter>engine\3d</Filter>
    </ClCompile>
    <ClCompile Include="engine\3d\ModelCommon.cpp">
      <Filter>engine\3d</Filter>
    </ClCompile>
    <ClCompile Include="engine\3d\ModelManager.cpp">
      <Filter>engine\3d</Filter>
    </ClCompile>
    <ClCompile Include="engine\3d\Object.cpp">
      <Filter>engine\3d</Filter>
    </ClCompile>
    <ClCompile Include="engine\3d\ObjectCommon.cpp">
      <Filter>engine\3d</Filter>
    </ClCompile>
    <ClCompile Include="engine\3d\ParticleEmitter.cpp">
      <Filter>engine\3d</Filter>
    </ClCompile>
    <ClCompile Include="engine\3d\ParticleManager.cpp">
      <Filter>engine\3d</Filter>
    </ClCompile>
    <ClCompile Include="application\postEffect\PostEffect.cpp">
      <Filter>application\postEffect</Filter>
    </ClCompile>
    <ClCompile Include="engine\scene\SceneFactory.cpp">
      <Filter>engine\scene</Filter>
    </ClCompile>
    <ClCompile Include="engine\scene\SceneManager.cpp">
      <Filter>engine\scene</Filter>
    </ClCompile>
    <ClCompile Include="engine\audio\SoundManager.cpp">
      <Filter>engine\audio</Filter>
    </ClCompile>
    <ClCompile Include="engine\2d\Sprite.cpp">
      <Filter>engine\2d</Filter>
    </ClCompile>
    <ClCompile Include="engine\2d\SpriteCommon.cpp">
      <Filter>engine\2d</Filter>
    </ClCompile>
    <ClCompile Include="engine\base\SrvManager.cpp">
      <Filter>engine\base</Filter>
    </ClCompile>
    <ClCompile Include="engine\math\StringUtility.cpp">
      <Filter>engine\math</Filter>
    </ClCompile>
    <ClCompile Include="engine\2d\TextureManager.cpp">
      <Filter>engine\2d</Filter>
    </ClCompile>
    <ClCompile Include="engine\base\WindowAPI.cpp">
      <Filter>engine\base</Filter>
    </ClCompile>
    <ClCompile Include="Enemy\Enemy.cpp">
      <Filter>game\enemy</Filter>
    </ClCompile>
    <ClCompile Include="Enemy\EnemyBullet.cpp">
      <Filter>game\enemy</Filter>
    </ClCompile>
    <ClCompile Include="engine\game\Game.cpp">
      <Filter>game\scene</Filter>
    </ClCompile>
    <ClCompile Include="engine\game\GamePlayScene.cpp">
      <Filter>game\scene</Filter>
    </ClCompile>
    <ClCompile Include="Enemy\NormalEnemy.cpp">
      <Filter>game\enemy</Filter>
    </ClCompile>
    <ClCompile Include="Enemy\NormalEnemyBullet.cpp">
      <Filter>game\enemy</Filter>
    </ClCompile>
    <ClCompile Include="player\Player.cpp">
      <Filter>game\player</Filter>
    </ClCompile>
    <ClCompile Include="player\PlayerBullet.cpp">
      <Filter>game\player</Filter>
    </ClCompile>
    <ClCompile Include="engine\game\TitleScene.cpp">
      <Filter>game\scene</Filter>
    </ClCompile>
    <ClCompile Include="CameraContoroller.cpp" />
    <ClCompile Include="Enemy\TargetEnemy.cpp" />
    <ClCompile Include="Enemy\TargetEnemyBullet.cpp" />
  </ItemGroup>
  <ItemGroup>
    <ClInclude Include="engine\base\AbstractSceneFactory.h">
      <Filter>engine\scene</Filter>
    </ClInclude>
    <ClInclude Include="engine\base\BaseScene.h">
      <Filter>engine\scene</Filter>
    </ClInclude>
    <ClInclude Include="engine\math\Calc.h">
      <Filter>engine\math</Filter>
    </ClInclude>
    <ClInclude Include="engine\camera\Camera.h">
      <Filter>engine\camera</Filter>
    </ClInclude>
    <ClInclude Include="engine\camera\CameraManager.h">
      <Filter>engine\camera</Filter>
    </ClInclude>
    <ClInclude Include="engine\math\CommonStructs.h">
      <Filter>engine\camera</Filter>
    </ClInclude>
    <ClInclude Include="engine\camera\DebugCamera.h">
      <Filter>engine\camera</Filter>
    </ClInclude>
    <ClInclude Include="engine\base\DirectXCommon.h">
      <Filter>engine\base</Filter>
    </ClInclude>
    <ClInclude Include="externals\imgui\imconfig.h">
      <Filter>imgui</Filter>
    </ClInclude>
    <ClInclude Include="externals\imgui\imgui.h">
      <Filter>imgui</Filter>
    </ClInclude>
    <ClInclude Include="externals\imgui\imgui_impl_dx12.h">
      <Filter>imgui</Filter>
    </ClInclude>
    <ClInclude Include="externals\imgui\imgui_impl_win32.h">
      <Filter>imgui</Filter>
    </ClInclude>
    <ClInclude Include="externals\imgui\imgui_internal.h">
      <Filter>imgui</Filter>
    </ClInclude>
    <ClInclude Include="engine\base\ImGuiManager.h">
      <Filter>imgui</Filter>
    </ClInclude>
    <ClInclude Include="externals\imgui\imstb_rectpack.h">
      <Filter>imgui</Filter>
    </ClInclude>
    <ClInclude Include="externals\imgui\imstb_textedit.h">
      <Filter>imgui</Filter>
    </ClInclude>
    <ClInclude Include="externals\imgui\imstb_truetype.h">
      <Filter>imgui</Filter>
    </ClInclude>
    <ClInclude Include="engine\io\Input.h">
      <Filter>engine\io</Filter>
    </ClInclude>
    <ClInclude Include="engine\base\Logger.h">
      <Filter>engine\base</Filter>
    </ClInclude>
    <ClInclude Include="engine\base\M_Framework.h">
      <Filter>engine\base</Filter>
    </ClInclude>
    <ClInclude Include="engine\3d\Model.h">
      <Filter>engine\3d</Filter>
    </ClInclude>
    <ClInclude Include="engine\3d\ModelCommon.h">
      <Filter>engine\3d</Filter>
    </ClInclude>
    <ClInclude Include="engine\3d\ModelManager.h">
      <Filter>engine\3d</Filter>
    </ClInclude>
    <ClInclude Include="engine\3d\Object.h">
      <Filter>engine\3d</Filter>
    </ClInclude>
    <ClInclude Include="engine\3d\ObjectCommon.h">
      <Filter>engine\3d</Filter>
    </ClInclude>
    <ClInclude Include="engine\3d\ParticleEmitter.h">
      <Filter>engine\3d</Filter>
    </ClInclude>
    <ClInclude Include="engine\3d\ParticleManager.h">
      <Filter>engine\3d</Filter>
    </ClInclude>
    <ClInclude Include="application\postEffect\PostEffect.h">
      <Filter>application\postEffect</Filter>
    </ClInclude>
    <ClInclude Include="engine\scene\SceneFactory.h">
      <Filter>engine\scene</Filter>
    </ClInclude>
    <ClInclude Include="engine\scene\SceneManager.h">
      <Filter>engine\scene</Filter>
    </ClInclude>
    <ClInclude Include="engine\audio\SoundManager.h">
      <Filter>engine\audio</Filter>
    </ClInclude>
    <ClInclude Include="engine\2d\Sprite.h">
      <Filter>engine\2d</Filter>
    </ClInclude>
    <ClInclude Include="engine\2d\SpriteCommon.h">
      <Filter>engine\2d</Filter>
    </ClInclude>
    <ClInclude Include="engine\base\SrvManager.h">
      <Filter>engine\base</Filter>
    </ClInclude>
    <ClInclude Include="engine\math\StringUtility.h">
      <Filter>engine\math</Filter>
    </ClInclude>
    <ClInclude Include="engine\2d\TextureManager.h">
      <Filter>engine\2d</Filter>
    </ClInclude>
    <ClInclude Include="engine\base\WindowAPI.h">
      <Filter>engine\base</Filter>
    </ClInclude>
    <ClInclude Include="Enemy\Enemy.h">
      <Filter>game\enemy</Filter>
    </ClInclude>
    <ClInclude Include="Enemy\EnemyBullet.h">
      <Filter>game\enemy</Filter>
    </ClInclude>
    <ClInclude Include="engine\game\Game.h">
      <Filter>game\scene</Filter>
    </ClInclude>
    <ClInclude Include="engine\game\GamePlayScene.h">
      <Filter>game\scene</Filter>
    </ClInclude>
    <ClInclude Include="Enemy\NormalEnemy.h">
      <Filter>game\enemy</Filter>
    </ClInclude>
    <ClInclude Include="Enemy\NormalEnemyBullet.h">
      <Filter>game\enemy</Filter>
    </ClInclude>
    <ClInclude Include="player\Player.h">
      <Filter>game\player</Filter>
    </ClInclude>
    <ClInclude Include="player\PlayerBullet.h">
      <Filter>game\player</Filter>
    </ClInclude>
    <ClInclude Include="engine\game\TitleScene.h">
      <Filter>game\scene</Filter>
    </ClInclude>
    <ClInclude Include="externals\nlohmann\json.hpp" />
    <ClInclude Include="externals\nlohmann\json_fwd.hpp" />
    <ClInclude Include="CameraContoroller.h" />
    <ClInclude Include="Enemy\TargetEnemy.h" />
    <ClInclude Include="Enemy\TargetEnemyBullet.h" />
  </ItemGroup>
  <ItemGroup>
    <None Include="Object3d.hlsli">
      <Filter>shader</Filter>
    </None>
    <None Include="Resource\shaders\Object3d.hlsli">
      <Filter>shader</Filter>
    </None>
    <None Include="Resource\shaders\Outline.hlsli">
      <Filter>shader</Filter>
    </None>
    <None Include="Resource\shaders\Particle.hlsli">
      <Filter>shader</Filter>
    </None>
    <None Include="Resource\shaders\PostEffect.hlsli">
      <Filter>shader</Filter>
    </None>
    <None Include="Resource\shaders\Sprite.hlsli">
      <Filter>shader</Filter>
    </None>
  </ItemGroup>
  <ItemGroup>
    <Filter Include="engine">
      <UniqueIdentifier>{775b4ad1-1b20-46d1-8701-94239604f51b}</UniqueIdentifier>
    </Filter>
    <Filter Include="application">
      <UniqueIdentifier>{6c6328a6-e525-4946-ba3f-03a055830e84}</UniqueIdentifier>
    </Filter>
    <Filter Include="engine\2d">
      <UniqueIdentifier>{9954033c-9b71-4d9e-9dd8-e8a2b20b3f6c}</UniqueIdentifier>
    </Filter>
    <Filter Include="engine\3d">
      <UniqueIdentifier>{8a952b38-7d6a-4d53-961c-3521c57302eb}</UniqueIdentifier>
    </Filter>
    <Filter Include="engine\audio">
      <UniqueIdentifier>{aa3d191f-5eb5-496a-93b7-e12e173d5148}</UniqueIdentifier>
    </Filter>
    <Filter Include="engine\base">
      <UniqueIdentifier>{9eb3c055-4cca-47f4-9658-2144e508490a}</UniqueIdentifier>
    </Filter>
    <Filter Include="engine\camera">
      <UniqueIdentifier>{733523cd-29e9-467c-aeac-aa4b447a44b0}</UniqueIdentifier>
    </Filter>
    <Filter Include="engine\io">
      <UniqueIdentifier>{b91874fa-dd91-46d8-9e7e-e9e52bc140e5}</UniqueIdentifier>
    </Filter>
    <Filter Include="engine\math">
      <UniqueIdentifier>{af4c463f-095e-4c7c-a537-4da6176b2272}</UniqueIdentifier>
    </Filter>
    <Filter Include="engine\scene">
      <UniqueIdentifier>{95cad992-a820-4d87-84ee-165b647074b1}</UniqueIdentifier>
    </Filter>
    <Filter Include="application\postEffect">
      <UniqueIdentifier>{4755cb61-34e8-42aa-97f3-be7a5d0ccdf4}</UniqueIdentifier>
    </Filter>
    <Filter Include="imgui">
      <UniqueIdentifier>{f853b086-6d2e-4ec4-9e51-e79aa5aaa5b3}</UniqueIdentifier>
    </Filter>
    <Filter Include="game">
      <UniqueIdentifier>{837a23ec-fa89-4141-8693-373d29cde13f}</UniqueIdentifier>
    </Filter>
    <Filter Include="shader">
      <UniqueIdentifier>{02617c1d-f867-40f3-aef5-a8f412761352}</UniqueIdentifier>
    </Filter>
    <Filter Include="game\scene">
      <UniqueIdentifier>{26ba3507-1090-4123-8ddd-20f34450b39c}</UniqueIdentifier>
    </Filter>
    <Filter Include="game\player">
      <UniqueIdentifier>{57d442d7-ff28-470f-9cd6-030fad52cf5b}</UniqueIdentifier>
    </Filter>
    <Filter Include="game\enemy">
      <UniqueIdentifier>{7c3aa9c4-c76e-4f01-8239-b76230e22a94}</UniqueIdentifier>
    </Filter>
  </ItemGroup>
  <ItemGroup>
    <Text Include="externals\imgui\LICENSE.txt">
      <Filter>imgui</Filter>
    </Text>
  </ItemGroup>
</Project>